
Microsoft Visual Studio Solution File, Format Version 12.00
# Visual Studio 14
VisualStudioVersion = 14.0.23107.0
MinimumVisualStudioVersion = 10.0.40219.1
Project("{FAE04EC0-301F-11D3-BF4B-00C04F79EFBC}") = "CPU5005Sim", "CPU5005Sim\CPU5005Sim.csproj", "{D516EE1F-0955-49E4-9FA0-4E76A5649656}"
EndProject
Project("{FAE04EC0-301F-11D3-BF4B-00C04F79EFBC}") = "CPU5005", "CPU5005\CPU5005.csproj", "{06ECBD85-F4C7-4121-BC63-3509CAB98B87}"
EndProject
Project("{FAE04EC0-301F-11D3-BF4B-00C04F79EFBC}") = "TS5005Sim", "TS5005Sim\TS5005Sim.csproj", "{86A718AA-FBD9-4EE5-89B5-4BDE17579879}"
EndProject
Global
	GlobalSection(SolutionConfigurationPlatforms) = preSolution
		Debug|Any CPU = Debug|Any CPU
		Release|Any CPU = Release|Any CPU
	EndGlobalSection
	GlobalSection(ProjectConfigurationPlatforms) = postSolution
		{D516EE1F-0955-49E4-9FA0-4E76A5649656}.Debug|Any CPU.ActiveCfg = Debug|Any CPU
		{D516EE1F-0955-49E4-9FA0-4E76A5649656}.Debug|Any CPU.Build.0 = Debug|Any CPU
		{D516EE1F-0955-49E4-9FA0-4E76A5649656}.Release|Any CPU.ActiveCfg = Release|Any CPU
		{D516EE1F-0955-49E4-9FA0-4E76A5649656}.Release|Any CPU.Build.0 = Release|Any CPU
		{06ECBD85-F4C7-4121-BC63-3509CAB98B87}.Debug|Any CPU.ActiveCfg = Debug|Any CPU
		{06ECBD85-F4C7-4121-BC63-3509CAB98B87}.Debug|Any CPU.Build.0 = Debug|Any CPU
		{06ECBD85-F4C7-4121-BC63-3509CAB98B87}.Release|Any CPU.ActiveCfg = Release|Any CPU
		{06ECBD85-F4C7-4121-BC63-3509CAB98B87}.Release|Any CPU.Build.0 = Release|Any CPU
		{86A718AA-FBD9-4EE5-89B5-4BDE17579879}.Debug|Any CPU.ActiveCfg = Debug|Any CPU
		{86A718AA-FBD9-4EE5-89B5-4BDE17579879}.Debug|Any CPU.Build.0 = Debug|Any CPU
		{86A718AA-FBD9-4EE5-89B5-4BDE17579879}.Release|Any CPU.ActiveCfg = Release|Any CPU
		{86A718AA-FBD9-4EE5-89B5-4BDE17579879}.Release|Any CPU.Build.0 = Release|Any CPU
	EndGlobalSection
	GlobalSection(SolutionProperties) = preSolution
		HideSolutionNode = FALSE
	EndGlobalSection
EndGlobal
